// !$*UTF8*$!
{
	archiveVersion = 1;
	classes = {
	};
	objectVersion = 46;
	objects = {

/* Begin PBXBuildFile section */
		26CE328740943D784AA4028E /* Pods_Pastor.framework in Frameworks */ = {isa = PBXBuildFile; fileRef = 33DD4023D305D0CD03B44F29 /* Pods_Pastor.framework */; };
		723872F71F55AB7F00CFC990 /* PassGeneratorViewController.swift in Sources */ = {isa = PBXBuildFile; fileRef = 723872F61F55AB7F00CFC990 /* PassGeneratorViewController.swift */; };
		72468CE41F141C2C000C77C9 /* GoogleService-Info.plist in Resources */ = {isa = PBXBuildFile; fileRef = 72468CE31F141C2C000C77C9 /* GoogleService-Info.plist */; };
		72468CE61F141E03000C77C9 /* Pass.swift in Sources */ = {isa = PBXBuildFile; fileRef = 72468CE51F141E03000C77C9 /* Pass.swift */; };
		72468CEB1F1420E9000C77C9 /* PassListViewModel.swift in Sources */ = {isa = PBXBuildFile; fileRef = 72468CEA1F1420E9000C77C9 /* PassListViewModel.swift */; };
		72468CED1F142102000C77C9 /* PassListRepository.swift in Sources */ = {isa = PBXBuildFile; fileRef = 72468CEC1F142102000C77C9 /* PassListRepository.swift */; };
		72468CEF1F142F41000C77C9 /* PassListTableViewCell.swift in Sources */ = {isa = PBXBuildFile; fileRef = 72468CEE1F142F41000C77C9 /* PassListTableViewCell.swift */; };
		72468CF11F143129000C77C9 /* PassVM.swift in Sources */ = {isa = PBXBuildFile; fileRef = 72468CF01F143129000C77C9 /* PassVM.swift */; };
		728B41881F14190100E373E4 /* AppDelegate.swift in Sources */ = {isa = PBXBuildFile; fileRef = 728B41871F14190100E373E4 /* AppDelegate.swift */; };
		728B418A1F14190100E373E4 /* PassListViewController.swift in Sources */ = {isa = PBXBuildFile; fileRef = 728B41891F14190100E373E4 /* PassListViewController.swift */; };
		728B418D1F14190100E373E4 /* Main.storyboard in Resources */ = {isa = PBXBuildFile; fileRef = 728B418B1F14190100E373E4 /* Main.storyboard */; };
		728B418F1F14190100E373E4 /* Assets.xcassets in Resources */ = {isa = PBXBuildFile; fileRef = 728B418E1F14190100E373E4 /* Assets.xcassets */; };
		728B41921F14190100E373E4 /* LaunchScreen.storyboard in Resources */ = {isa = PBXBuildFile; fileRef = 728B41901F14190100E373E4 /* LaunchScreen.storyboard */; };
		72C54EA41F4EC24B007EBE2B /* LoginViewController.swift in Sources */ = {isa = PBXBuildFile; fileRef = 72C54EA31F4EC24B007EBE2B /* LoginViewController.swift */; };
		72C54EA61F4EC265007EBE2B /* Auth.storyboard in Resources */ = {isa = PBXBuildFile; fileRef = 72C54EA51F4EC265007EBE2B /* Auth.storyboard */; };
		72C54EA81F4EC448007EBE2B /* LoginViewModel.swift in Sources */ = {isa = PBXBuildFile; fileRef = 72C54EA71F4EC448007EBE2B /* LoginViewModel.swift */; };
		72C54EAA1F4EC4FA007EBE2B /* LoginRepository.swift in Sources */ = {isa = PBXBuildFile; fileRef = 72C54EA91F4EC4FA007EBE2B /* LoginRepository.swift */; };
		72C54EAF1F504788007EBE2B /* SubscribeViewController.swift in Sources */ = {isa = PBXBuildFile; fileRef = 72C54EAE1F504788007EBE2B /* SubscribeViewController.swift */; };
		72C54EB11F5047AD007EBE2B /* SubscribeViewModel.swift in Sources */ = {isa = PBXBuildFile; fileRef = 72C54EB01F5047AD007EBE2B /* SubscribeViewModel.swift */; };
		72C54EB31F505495007EBE2B /* SubscribeRepository.swift in Sources */ = {isa = PBXBuildFile; fileRef = 72C54EB21F505495007EBE2B /* SubscribeRepository.swift */; };
/* End PBXBuildFile section */

/* Begin PBXFileReference section */
		33DD4023D305D0CD03B44F29 /* Pods_Pastor.framework */ = {isa = PBXFileReference; explicitFileType = wrapper.framework; includeInIndex = 0; path = Pods_Pastor.framework; sourceTree = BUILT_PRODUCTS_DIR; };
		4D667CDA77F2E4B44F41A411 /* Pods-Pastor.debug.xcconfig */ = {isa = PBXFileReference; includeInIndex = 1; lastKnownFileType = text.xcconfig; name = "Pods-Pastor.debug.xcconfig"; path = "Pods/Target Support Files/Pods-Pastor/Pods-Pastor.debug.xcconfig"; sourceTree = "<group>"; };
		5E5E3227427C5C192F26B595 /* Pods-Pastor.release.xcconfig */ = {isa = PBXFileReference; includeInIndex = 1; lastKnownFileType = text.xcconfig; name = "Pods-Pastor.release.xcconfig"; path = "Pods/Target Support Files/Pods-Pastor/Pods-Pastor.release.xcconfig"; sourceTree = "<group>"; };
		723872F61F55AB7F00CFC990 /* PassGeneratorViewController.swift */ = {isa = PBXFileReference; fileEncoding = 4; lastKnownFileType = sourcecode.swift; path = PassGeneratorViewController.swift; sourceTree = "<group>"; };
		72468CE31F141C2C000C77C9 /* GoogleService-Info.plist */ = {isa = PBXFileReference; fileEncoding = 4; lastKnownFileType = text.plist.xml; path = "GoogleService-Info.plist"; sourceTree = "<group>"; };
		72468CE51F141E03000C77C9 /* Pass.swift */ = {isa = PBXFileReference; fileEncoding = 4; lastKnownFileType = sourcecode.swift; path = Pass.swift; sourceTree = "<group>"; };
		72468CEA1F1420E9000C77C9 /* PassListViewModel.swift */ = {isa = PBXFileReference; fileEncoding = 4; lastKnownFileType = sourcecode.swift; path = PassListViewModel.swift; sourceTree = "<group>"; };
		72468CEC1F142102000C77C9 /* PassListRepository.swift */ = {isa = PBXFileReference; fileEncoding = 4; lastKnownFileType = sourcecode.swift; path = PassListRepository.swift; sourceTree = "<group>"; };
		72468CEE1F142F41000C77C9 /* PassListTableViewCell.swift */ = {isa = PBXFileReference; fileEncoding = 4; lastKnownFileType = sourcecode.swift; path = PassListTableViewCell.swift; sourceTree = "<group>"; };
		72468CF01F143129000C77C9 /* PassVM.swift */ = {isa = PBXFileReference; fileEncoding = 4; lastKnownFileType = sourcecode.swift; path = PassVM.swift; sourceTree = "<group>"; };
		728B41841F14190100E373E4 /* Pastor.app */ = {isa = PBXFileReference; explicitFileType = wrapper.application; includeInIndex = 0; path = Pastor.app; sourceTree = BUILT_PRODUCTS_DIR; };
		728B41871F14190100E373E4 /* AppDelegate.swift */ = {isa = PBXFileReference; lastKnownFileType = sourcecode.swift; path = AppDelegate.swift; sourceTree = "<group>"; };
		728B41891F14190100E373E4 /* PassListViewController.swift */ = {isa = PBXFileReference; lastKnownFileType = sourcecode.swift; path = PassListViewController.swift; sourceTree = "<group>"; };
		728B418C1F14190100E373E4 /* Base */ = {isa = PBXFileReference; lastKnownFileType = file.storyboard; name = Base; path = Base.lproj/Main.storyboard; sourceTree = "<group>"; };
		728B418E1F14190100E373E4 /* Assets.xcassets */ = {isa = PBXFileReference; lastKnownFileType = folder.assetcatalog; path = Assets.xcassets; sourceTree = "<group>"; };
		728B41911F14190100E373E4 /* Base */ = {isa = PBXFileReference; lastKnownFileType = file.storyboard; name = Base; path = Base.lproj/LaunchScreen.storyboard; sourceTree = "<group>"; };
		728B41931F14190100E373E4 /* Info.plist */ = {isa = PBXFileReference; lastKnownFileType = text.plist.xml; path = Info.plist; sourceTree = "<group>"; };
		72C54EA31F4EC24B007EBE2B /* LoginViewController.swift */ = {isa = PBXFileReference; fileEncoding = 4; lastKnownFileType = sourcecode.swift; path = LoginViewController.swift; sourceTree = "<group>"; };
		72C54EA51F4EC265007EBE2B /* Auth.storyboard */ = {isa = PBXFileReference; fileEncoding = 4; lastKnownFileType = file.storyboard; path = Auth.storyboard; sourceTree = "<group>"; };
		72C54EA71F4EC448007EBE2B /* LoginViewModel.swift */ = {isa = PBXFileReference; fileEncoding = 4; lastKnownFileType = sourcecode.swift; path = LoginViewModel.swift; sourceTree = "<group>"; };
		72C54EA91F4EC4FA007EBE2B /* LoginRepository.swift */ = {isa = PBXFileReference; fileEncoding = 4; lastKnownFileType = sourcecode.swift; path = LoginRepository.swift; sourceTree = "<group>"; };
		72C54EAE1F504788007EBE2B /* SubscribeViewController.swift */ = {isa = PBXFileReference; fileEncoding = 4; lastKnownFileType = sourcecode.swift; path = SubscribeViewController.swift; sourceTree = "<group>"; };
		72C54EB01F5047AD007EBE2B /* SubscribeViewModel.swift */ = {isa = PBXFileReference; fileEncoding = 4; lastKnownFileType = sourcecode.swift; path = SubscribeViewModel.swift; sourceTree = "<group>"; };
		72C54EB21F505495007EBE2B /* SubscribeRepository.swift */ = {isa = PBXFileReference; fileEncoding = 4; lastKnownFileType = sourcecode.swift; path = SubscribeRepository.swift; sourceTree = "<group>"; };
/* End PBXFileReference section */

/* Begin PBXFrameworksBuildPhase section */
		728B41811F14190100E373E4 /* Frameworks */ = {
			isa = PBXFrameworksBuildPhase;
			buildActionMask = 2147483647;
			files = (
				26CE328740943D784AA4028E /* Pods_Pastor.framework in Frameworks */,
			);
			runOnlyForDeploymentPostprocessing = 0;
		};
/* End PBXFrameworksBuildPhase section */

/* Begin PBXGroup section */
		41A4CF3BCB92270C396E0F90 /* Pods */ = {
			isa = PBXGroup;
			children = (
				4D667CDA77F2E4B44F41A411 /* Pods-Pastor.debug.xcconfig */,
				5E5E3227427C5C192F26B595 /* Pods-Pastor.release.xcconfig */,
			);
			name = Pods;
			sourceTree = "<group>";
		};
		723872F31F55AAFD00CFC990 /* PassGen */ = {
			isa = PBXGroup;
			children = (
				723872F61F55AB7F00CFC990 /* PassGeneratorViewController.swift */,
			);
			name = PassGen;
			sourceTree = "<group>";
		};
		72468CE91F1420B2000C77C9 /* PassList */ = {
			isa = PBXGroup;
			children = (
				728B41891F14190100E373E4 /* PassListViewController.swift */,
				72468CEA1F1420E9000C77C9 /* PassListViewModel.swift */,
				72468CEC1F142102000C77C9 /* PassListRepository.swift */,
				72468CEE1F142F41000C77C9 /* PassListTableViewCell.swift */,
				72468CF01F143129000C77C9 /* PassVM.swift */,
			);
			name = PassList;
			sourceTree = "<group>";
		};
		728B417B1F14190100E373E4 = {
			isa = PBXGroup;
			children = (
				728B41861F14190100E373E4 /* Pastor */,
				728B41851F14190100E373E4 /* Products */,
				41A4CF3BCB92270C396E0F90 /* Pods */,
				A540634E601A4DD37E565A4F /* Frameworks */,
			);
			sourceTree = "<group>";
		};
		728B41851F14190100E373E4 /* Products */ = {
			isa = PBXGroup;
			children = (
				728B41841F14190100E373E4 /* Pastor.app */,
			);
			name = Products;
			sourceTree = "<group>";
		};
		728B41861F14190100E373E4 /* Pastor */ = {
			isa = PBXGroup;
			children = (
				723872F31F55AAFD00CFC990 /* PassGen */,
				72C54EA21F4EC235007EBE2B /* Auth */,
				72468CE91F1420B2000C77C9 /* PassList */,
				728B41871F14190100E373E4 /* AppDelegate.swift */,
				72468CE31F141C2C000C77C9 /* GoogleService-Info.plist */,
				728B418B1F14190100E373E4 /* Main.storyboard */,
				728B418E1F14190100E373E4 /* Assets.xcassets */,
				728B41901F14190100E373E4 /* LaunchScreen.storyboard */,
				728B41931F14190100E373E4 /* Info.plist */,
				72468CE51F141E03000C77C9 /* Pass.swift */,
			);
			path = Pastor;
			sourceTree = "<group>";
		};
		72C54EA21F4EC235007EBE2B /* Auth */ = {
			isa = PBXGroup;
			children = (
				72C54EAD1F504765007EBE2B /* Subscribe */,
				72C54EAC1F50475A007EBE2B /* Login */,
				72C54EA51F4EC265007EBE2B /* Auth.storyboard */,
			);
			name = Auth;
			sourceTree = "<group>";
		};
		72C54EAC1F50475A007EBE2B /* Login */ = {
			isa = PBXGroup;
			children = (
				72C54EA31F4EC24B007EBE2B /* LoginViewController.swift */,
				72C54EA71F4EC448007EBE2B /* LoginViewModel.swift */,
				72C54EA91F4EC4FA007EBE2B /* LoginRepository.swift */,
			);
			name = Login;
			sourceTree = "<group>";
		};
		72C54EAD1F504765007EBE2B /* Subscribe */ = {
			isa = PBXGroup;
			children = (
				72C54EAE1F504788007EBE2B /* SubscribeViewController.swift */,
				72C54EB01F5047AD007EBE2B /* SubscribeViewModel.swift */,
				72C54EB21F505495007EBE2B /* SubscribeRepository.swift */,
			);
			name = Subscribe;
			sourceTree = "<group>";
		};
		A540634E601A4DD37E565A4F /* Frameworks */ = {
			isa = PBXGroup;
			children = (
				33DD4023D305D0CD03B44F29 /* Pods_Pastor.framework */,
			);
			name = Frameworks;
			sourceTree = "<group>";
		};
/* End PBXGroup section */

/* Begin PBXNativeTarget section */
		728B41831F14190100E373E4 /* Pastor */ = {
			isa = PBXNativeTarget;
			buildConfigurationList = 728B41961F14190100E373E4 /* Build configuration list for PBXNativeTarget "Pastor" */;
			buildPhases = (
				D07BCB7100B42EB7639EBC10 /* [CP] Check Pods Manifest.lock */,
				728B41801F14190100E373E4 /* Sources */,
				728B41811F14190100E373E4 /* Frameworks */,
				728B41821F14190100E373E4 /* Resources */,
				10C48D07EC24535EF74ED68F /* [CP] Embed Pods Frameworks */,
				7BA816B81E327F790FFF6C54 /* [CP] Copy Pods Resources */,
			);
			buildRules = (
			);
			dependencies = (
			);
			name = Pastor;
			productName = Pastor;
			productReference = 728B41841F14190100E373E4 /* Pastor.app */;
			productType = "com.apple.product-type.application";
		};
/* End PBXNativeTarget section */

/* Begin PBXProject section */
		728B417C1F14190100E373E4 /* Project object */ = {
			isa = PBXProject;
			attributes = {
				LastSwiftUpdateCheck = 0830;
				LastUpgradeCheck = 0830;
				ORGANIZATIONNAME = "Rémi Caroff";
				TargetAttributes = {
					728B41831F14190100E373E4 = {
						CreatedOnToolsVersion = 8.3.3;
						DevelopmentTeam = VM99UN38UP;
						ProvisioningStyle = Automatic;
					};
				};
			};
			buildConfigurationList = 728B417F1F14190100E373E4 /* Build configuration list for PBXProject "Pastor" */;
			compatibilityVersion = "Xcode 3.2";
			developmentRegion = English;
			hasScannedForEncodings = 0;
			knownRegions = (
				en,
				Base,
			);
			mainGroup = 728B417B1F14190100E373E4;
			productRefGroup = 728B41851F14190100E373E4 /* Products */;
			projectDirPath = "";
			projectRoot = "";
			targets = (
				728B41831F14190100E373E4 /* Pastor */,
			);
		};
/* End PBXProject section */

/* Begin PBXResourcesBuildPhase section */
		728B41821F14190100E373E4 /* Resources */ = {
			isa = PBXResourcesBuildPhase;
			buildActionMask = 2147483647;
			files = (
				728B41921F14190100E373E4 /* LaunchScreen.storyboard in Resources */,
				72468CE41F141C2C000C77C9 /* GoogleService-Info.plist in Resources */,
				72C54EA61F4EC265007EBE2B /* Auth.storyboard in Resources */,
				728B418F1F14190100E373E4 /* Assets.xcassets in Resources */,
				728B418D1F14190100E373E4 /* Main.storyboard in Resources */,
			);
			runOnlyForDeploymentPostprocessing = 0;
		};
/* End PBXResourcesBuildPhase section */

/* Begin PBXShellScriptBuildPhase section */
		10C48D07EC24535EF74ED68F /* [CP] Embed Pods Frameworks */ = {
			isa = PBXShellScriptBuildPhase;
			buildActionMask = 2147483647;
			files = (
			);
			inputPaths = (
				"${SRCROOT}/Pods/Target Support Files/Pods-Pastor/Pods-Pastor-frameworks.sh",
				"${BUILT_PRODUCTS_DIR}/Differentiator/Differentiator.framework",
				"${BUILT_PRODUCTS_DIR}/GTMSessionFetcher/GTMSessionFetcher.framework",
				"${BUILT_PRODUCTS_DIR}/GoogleToolboxForMac/GoogleToolboxForMac.framework",
				"${BUILT_PRODUCTS_DIR}/IQKeyboardManager/IQKeyboardManager.framework",
				"${BUILT_PRODUCTS_DIR}/RxCocoa/RxCocoa.framework",
				"${BUILT_PRODUCTS_DIR}/RxDataSources/RxDataSources.framework",
				"${BUILT_PRODUCTS_DIR}/RxSwift/RxSwift.framework",
				"${BUILT_PRODUCTS_DIR}/Sugar/Sugar.framework",
				"${BUILT_PRODUCTS_DIR}/leveldb-library/leveldb.framework",
				"${BUILT_PRODUCTS_DIR}/nanopb/nanopb.framework",
			);
			name = "[CP] Embed Pods Frameworks";
			outputPaths = (
				"${TARGET_BUILD_DIR}/${FRAMEWORKS_FOLDER_PATH}/Differentiator.framework",
				"${TARGET_BUILD_DIR}/${FRAMEWORKS_FOLDER_PATH}/GTMSessionFetcher.framework",
				"${TARGET_BUILD_DIR}/${FRAMEWORKS_FOLDER_PATH}/GoogleToolboxForMac.framework",
				"${TARGET_BUILD_DIR}/${FRAMEWORKS_FOLDER_PATH}/IQKeyboardManager.framework",
				"${TARGET_BUILD_DIR}/${FRAMEWORKS_FOLDER_PATH}/RxCocoa.framework",
				"${TARGET_BUILD_DIR}/${FRAMEWORKS_FOLDER_PATH}/RxDataSources.framework",
				"${TARGET_BUILD_DIR}/${FRAMEWORKS_FOLDER_PATH}/RxSwift.framework",
				"${TARGET_BUILD_DIR}/${FRAMEWORKS_FOLDER_PATH}/Sugar.framework",
				"${TARGET_BUILD_DIR}/${FRAMEWORKS_FOLDER_PATH}/leveldb.framework",
				"${TARGET_BUILD_DIR}/${FRAMEWORKS_FOLDER_PATH}/nanopb.framework",
			);
			runOnlyForDeploymentPostprocessing = 0;
			shellPath = /bin/sh;
			shellScript = "\"${SRCROOT}/Pods/Target Support Files/Pods-Pastor/Pods-Pastor-frameworks.sh\"\n";
			showEnvVarsInLog = 0;
		};
		7BA816B81E327F790FFF6C54 /* [CP] Copy Pods Resources */ = {
			isa = PBXShellScriptBuildPhase;
			buildActionMask = 2147483647;
			files = (
			);
			inputPaths = (
			);
			name = "[CP] Copy Pods Resources";
			outputPaths = (
			);
			runOnlyForDeploymentPostprocessing = 0;
			shellPath = /bin/sh;
			shellScript = "\"${SRCROOT}/Pods/Target Support Files/Pods-Pastor/Pods-Pastor-resources.sh\"\n";
			showEnvVarsInLog = 0;
		};
		D07BCB7100B42EB7639EBC10 /* [CP] Check Pods Manifest.lock */ = {
			isa = PBXShellScriptBuildPhase;
			buildActionMask = 2147483647;
			files = (
			);
			inputPaths = (
				"${PODS_PODFILE_DIR_PATH}/Podfile.lock",
				"${PODS_ROOT}/Manifest.lock",
			);
			name = "[CP] Check Pods Manifest.lock";
			outputPaths = (
				"$(DERIVED_FILE_DIR)/Pods-Pastor-checkManifestLockResult.txt",
			);
			runOnlyForDeploymentPostprocessing = 0;
			shellPath = /bin/sh;
			shellScript = "diff \"${PODS_PODFILE_DIR_PATH}/Podfile.lock\" \"${PODS_ROOT}/Manifest.lock\" > /dev/null\nif [ $? != 0 ] ; then\n    # print error to STDERR\n    echo \"error: The sandbox is not in sync with the Podfile.lock. Run 'pod install' or update your CocoaPods installation.\" >&2\n    exit 1\nfi\n# This output is used by Xcode 'outputs' to avoid re-running this script phase.\necho \"SUCCESS\" > \"${SCRIPT_OUTPUT_FILE_0}\"\n";
			showEnvVarsInLog = 0;
		};
/* End PBXShellScriptBuildPhase section */

/* Begin PBXSourcesBuildPhase section */
		728B41801F14190100E373E4 /* Sources */ = {
			isa = PBXSourcesBuildPhase;
			buildActionMask = 2147483647;
			files = (
				72C54EB31F505495007EBE2B /* SubscribeRepository.swift in Sources */,
				72C54EA41F4EC24B007EBE2B /* LoginViewController.swift in Sources */,
				72468CEB1F1420E9000C77C9 /* PassListViewModel.swift in Sources */,
				72468CF11F143129000C77C9 /* PassVM.swift in Sources */,
				72468CEF1F142F41000C77C9 /* PassListTableViewCell.swift in Sources */,
				728B418A1F14190100E373E4 /* PassListViewController.swift in Sources */,
				72468CE61F141E03000C77C9 /* Pass.swift in Sources */,
				728B41881F14190100E373E4 /* AppDelegate.swift in Sources */,
				72C54EAA1F4EC4FA007EBE2B /* LoginRepository.swift in Sources */,
				723872F71F55AB7F00CFC990 /* PassGeneratorViewController.swift in Sources */,
				72C54EB11F5047AD007EBE2B /* SubscribeViewModel.swift in Sources */,
				72468CED1F142102000C77C9 /* PassListRepository.swift in Sources */,
				72C54EAF1F504788007EBE2B /* SubscribeViewController.swift in Sources */,
				72C54EA81F4EC448007EBE2B /* LoginViewModel.swift in Sources */,
			);
			runOnlyForDeploymentPostprocessing = 0;
		};
/* End PBXSourcesBuildPhase section */

/* Begin PBXVariantGroup section */
		728B418B1F14190100E373E4 /* Main.storyboard */ = {
			isa = PBXVariantGroup;
			children = (
				728B418C1F14190100E373E4 /* Base */,
			);
			name = Main.storyboard;
			sourceTree = "<group>";
		};
		728B41901F14190100E373E4 /* LaunchScreen.storyboard */ = {
			isa = PBXVariantGroup;
			children = (
				728B41911F14190100E373E4 /* Base */,
			);
			name = LaunchScreen.storyboard;
			sourceTree = "<group>";
		};
/* End PBXVariantGroup section */

/* Begin XCBuildConfiguration section */
		728B41941F14190100E373E4 /* Debug */ = {
			isa = XCBuildConfiguration;
			buildSettings = {
				ALWAYS_SEARCH_USER_PATHS = NO;
				CLANG_ANALYZER_NONNULL = YES;
				CLANG_ANALYZER_NUMBER_OBJECT_CONVERSION = YES_AGGRESSIVE;
				CLANG_CXX_LANGUAGE_STANDARD = "gnu++0x";
				CLANG_CXX_LIBRARY = "libc++";
				CLANG_ENABLE_MODULES = YES;
				CLANG_ENABLE_OBJC_ARC = YES;
				CLANG_WARN_BOOL_CONVERSION = YES;
				CLANG_WARN_CONSTANT_CONVERSION = YES;
				CLANG_WARN_DIRECT_OBJC_ISA_USAGE = YES_ERROR;
				CLANG_WARN_DOCUMENTATION_COMMENTS = YES;
				CLANG_WARN_EMPTY_BODY = YES;
				CLANG_WARN_ENUM_CONVERSION = YES;
				CLANG_WARN_INFINITE_RECURSION = YES;
				CLANG_WARN_INT_CONVERSION = YES;
				CLANG_WARN_OBJC_ROOT_CLASS = YES_ERROR;
				CLANG_WARN_SUSPICIOUS_MOVE = YES;
				CLANG_WARN_UNREACHABLE_CODE = YES;
				CLANG_WARN__DUPLICATE_METHOD_MATCH = YES;
				"CODE_SIGN_IDENTITY[sdk=iphoneos*]" = "iPhone Developer";
				COPY_PHASE_STRIP = NO;
				DEBUG_INFORMATION_FORMAT = dwarf;
				ENABLE_STRICT_OBJC_MSGSEND = YES;
				ENABLE_TESTABILITY = YES;
				GCC_C_LANGUAGE_STANDARD = gnu99;
				GCC_DYNAMIC_NO_PIC = NO;
				GCC_NO_COMMON_BLOCKS = YES;
				GCC_OPTIMIZATION_LEVEL = 0;
				GCC_PREPROCESSOR_DEFINITIONS = (
					"DEBUG=1",
					"$(inherited)",
				);
				GCC_WARN_64_TO_32_BIT_CONVERSION = YES;
				GCC_WARN_ABOUT_RETURN_TYPE = YES_ERROR;
				GCC_WARN_UNDECLARED_SELECTOR = YES;
				GCC_WARN_UNINITIALIZED_AUTOS = YES_AGGRESSIVE;
				GCC_WARN_UNUSED_FUNCTION = YES;
				GCC_WARN_UNUSED_VARIABLE = YES;
				IPHONEOS_DEPLOYMENT_TARGET = 10.3;
				MTL_ENABLE_DEBUG_INFO = YES;
				ONLY_ACTIVE_ARCH = YES;
				SDKROOT = iphoneos;
				SWIFT_ACTIVE_COMPILATION_CONDITIONS = DEBUG;
				SWIFT_OPTIMIZATION_LEVEL = "-Onone";
			};
			name = Debug;
		};
		728B41951F14190100E373E4 /* Release */ = {
			isa = XCBuildConfiguration;
			buildSettings = {
				ALWAYS_SEARCH_USER_PATHS = NO;
				CLANG_ANALYZER_NONNULL = YES;
				CLANG_ANALYZER_NUMBER_OBJECT_CONVERSION = YES_AGGRESSIVE;
				CLANG_CXX_LANGUAGE_STANDARD = "gnu++0x";
				CLANG_CXX_LIBRARY = "libc++";
				CLANG_ENABLE_MODULES = YES;
				CLANG_ENABLE_OBJC_ARC = YES;
				CLANG_WARN_BOOL_CONVERSION = YES;
				CLANG_WARN_CONSTANT_CONVERSION = YES;
				CLANG_WARN_DIRECT_OBJC_ISA_USAGE = YES_ERROR;
				CLANG_WARN_DOCUMENTATION_COMMENTS = YES;
				CLANG_WARN_EMPTY_BODY = YES;
				CLANG_WARN_ENUM_CONVERSION = YES;
				CLANG_WARN_INFINITE_RECURSION = YES;
				CLANG_WARN_INT_CONVERSION = YES;
				CLANG_WARN_OBJC_ROOT_CLASS = YES_ERROR;
				CLANG_WARN_SUSPICIOUS_MOVE = YES;
				CLANG_WARN_UNREACHABLE_CODE = YES;
				CLANG_WARN__DUPLICATE_METHOD_MATCH = YES;
				"CODE_SIGN_IDENTITY[sdk=iphoneos*]" = "iPhone Developer";
				COPY_PHASE_STRIP = NO;
				DEBUG_INFORMATION_FORMAT = "dwarf-with-dsym";
				ENABLE_NS_ASSERTIONS = NO;
				ENABLE_STRICT_OBJC_MSGSEND = YES;
				GCC_C_LANGUAGE_STANDARD = gnu99;
				GCC_NO_COMMON_BLOCKS = YES;
				GCC_WARN_64_TO_32_BIT_CONVERSION = YES;
				GCC_WARN_ABOUT_RETURN_TYPE = YES_ERROR;
				GCC_WARN_UNDECLARED_SELECTOR = YES;
				GCC_WARN_UNINITIALIZED_AUTOS = YES_AGGRESSIVE;
				GCC_WARN_UNUSED_FUNCTION = YES;
				GCC_WARN_UNUSED_VARIABLE = YES;
				IPHONEOS_DEPLOYMENT_TARGET = 10.3;
				MTL_ENABLE_DEBUG_INFO = NO;
				SDKROOT = iphoneos;
				SWIFT_OPTIMIZATION_LEVEL = "-Owholemodule";
				VALIDATE_PRODUCT = YES;
			};
			name = Release;
		};
		728B41971F14190100E373E4 /* Debug */ = {
			isa = XCBuildConfiguration;
			baseConfigurationReference = 4D667CDA77F2E4B44F41A411 /* Pods-Pastor.debug.xcconfig */;
			buildSettings = {
				ASSETCATALOG_COMPILER_APPICON_NAME = AppIcon;
				DEVELOPMENT_TEAM = VM99UN38UP;
				INFOPLIST_FILE = Pastor/Info.plist;
				IPHONEOS_DEPLOYMENT_TARGET = 10.3;
				LD_RUNPATH_SEARCH_PATHS = "$(inherited) @executable_path/Frameworks";
				PRODUCT_BUNDLE_IDENTIFIER = com.rcaroff.Pastor;
				PRODUCT_NAME = "$(TARGET_NAME)";
				SWIFT_VERSION = 3.0;
			};
			name = Debug;
		};
		728B41981F14190100E373E4 /* Release */ = {
			isa = XCBuildConfiguration;
			baseConfigurationReference = 5E5E3227427C5C192F26B595 /* Pods-Pastor.release.xcconfig */;
			buildSettings = {
				ASSETCATALOG_COMPILER_APPICON_NAME = AppIcon;
				DEVELOPMENT_TEAM = VM99UN38UP;
				INFOPLIST_FILE = Pastor/Info.plist;
				IPHONEOS_DEPLOYMENT_TARGET = 10.3;
				LD_RUNPATH_SEARCH_PATHS = "$(inherited) @executable_path/Frameworks";
				PRODUCT_BUNDLE_IDENTIFIER = com.rcaroff.Pastor;
				PRODUCT_NAME = "$(TARGET_NAME)";
				SWIFT_VERSION = 3.0;
			};
			name = Release;
		};
/* End XCBuildConfiguration section */

/* Begin XCConfigurationList section */
		728B417F1F14190100E373E4 /* Build configuration list for PBXProject "Pastor" */ = {
			isa = XCConfigurationList;
			buildConfigurations = (
				728B41941F14190100E373E4 /* Debug */,
				728B41951F14190100E373E4 /* Release */,
			);
			defaultConfigurationIsVisible = 0;
			defaultConfigurationName = Release;
		};
		728B41961F14190100E373E4 /* Build configuration list for PBXNativeTarget "Pastor" */ = {
			isa = XCConfigurationList;
			buildConfigurations = (
				728B41971F14190100E373E4 /* Debug */,
				728B41981F14190100E373E4 /* Release */,
			);
			defaultConfigurationIsVisible = 0;
			defaultConfigurationName = Release;
		};
/* End XCConfigurationList section */
	};
	rootObject = 728B417C1F14190100E373E4 /* Project object */;
}
